// !$*UTF8*$!
{
	archiveVersion = 1;
	classes = {
	};
	objectVersion = 50;
	objects = {

/* Begin PBXBuildFile section */
		094674DD2502B94000D19F2C /* AppDelegate.swift in Sources */ = {isa = PBXBuildFile; fileRef = 094674DC2502B94000D19F2C /* AppDelegate.swift */; };
		094674DF2502B94000D19F2C /* SceneDelegate.swift in Sources */ = {isa = PBXBuildFile; fileRef = 094674DE2502B94000D19F2C /* SceneDelegate.swift */; };
		094674E12502B94000D19F2C /* ViewController.swift in Sources */ = {isa = PBXBuildFile; fileRef = 094674E02502B94000D19F2C /* ViewController.swift */; };
		094674E42502B94000D19F2C /* Main.storyboard in Resources */ = {isa = PBXBuildFile; fileRef = 094674E22502B94000D19F2C /* Main.storyboard */; };
		094674E62502B94000D19F2C /* Assets.xcassets in Resources */ = {isa = PBXBuildFile; fileRef = 094674E52502B94000D19F2C /* Assets.xcassets */; };
		094674E92502B94000D19F2C /* LaunchScreen.storyboard in Resources */ = {isa = PBXBuildFile; fileRef = 094674E72502B94000D19F2C /* LaunchScreen.storyboard */; };
		094674F42502B94100D19F2C /* LRUCacheTests.swift in Sources */ = {isa = PBXBuildFile; fileRef = 094674F32502B94100D19F2C /* LRUCacheTests.swift */; };
		094674FF2502B96200D19F2C /* LRUCache.swift in Sources */ = {isa = PBXBuildFile; fileRef = 094674FE2502B96200D19F2C /* LRUCache.swift */; };
		094675002502C3FF00D19F2C /* LRUCache.swift in Sources */ = {isa = PBXBuildFile; fileRef = 094674FE2502B96200D19F2C /* LRUCache.swift */; };
/* End PBXBuildFile section */

/* Begin PBXContainerItemProxy section */
		094674F02502B94100D19F2C /* PBXContainerItemProxy */ = {
			isa = PBXContainerItemProxy;
			containerPortal = 094674D12502B93F00D19F2C /* Project object */;
			proxyType = 1;
			remoteGlobalIDString = 094674D82502B93F00D19F2C;
			remoteInfo = LRUCache;
		};
/* End PBXContainerItemProxy section */

/* Begin PBXFileReference section */
		094674D92502B94000D19F2C /* LRUCache.app */ = {isa = PBXFileReference; explicitFileType = wrapper.application; includeInIndex = 0; path = LRUCache.app; sourceTree = BUILT_PRODUCTS_DIR; };
		094674DC2502B94000D19F2C /* AppDelegate.swift */ = {isa = PBXFileReference; lastKnownFileType = sourcecode.swift; path = AppDelegate.swift; sourceTree = "<group>"; };
		094674DE2502B94000D19F2C /* SceneDelegate.swift */ = {isa = PBXFileReference; lastKnownFileType = sourcecode.swift; path = SceneDelegate.swift; sourceTree = "<group>"; };
		094674E02502B94000D19F2C /* ViewController.swift */ = {isa = PBXFileReference; lastKnownFileType = sourcecode.swift; path = ViewController.swift; sourceTree = "<group>"; };
		094674E32502B94000D19F2C /* Base */ = {isa = PBXFileReference; lastKnownFileType = file.storyboard; name = Base; path = Base.lproj/Main.storyboard; sourceTree = "<group>"; };
		094674E52502B94000D19F2C /* Assets.xcassets */ = {isa = PBXFileReference; lastKnownFileType = folder.assetcatalog; path = Assets.xcassets; sourceTree = "<group>"; };
		094674E82502B94000D19F2C /* Base */ = {isa = PBXFileReference; lastKnownFileType = file.storyboard; name = Base; path = Base.lproj/LaunchScreen.storyboard; sourceTree = "<group>"; };
		094674EA2502B94000D19F2C /* Info.plist */ = {isa = PBXFileReference; lastKnownFileType = text.plist.xml; path = Info.plist; sourceTree = "<group>"; };
		094674EF2502B94100D19F2C /* LRUCacheTests.xctest */ = {isa = PBXFileReference; explicitFileType = wrapper.cfbundle; includeInIndex = 0; path = LRUCacheTests.xctest; sourceTree = BUILT_PRODUCTS_DIR; };
		094674F32502B94100D19F2C /* LRUCacheTests.swift */ = {isa = PBXFileReference; lastKnownFileType = sourcecode.swift; path = LRUCacheTests.swift; sourceTree = "<group>"; };
		094674F52502B94100D19F2C /* Info.plist */ = {isa = PBXFileReference; lastKnownFileType = text.plist.xml; path = Info.plist; sourceTree = "<group>"; };
		094674FE2502B96200D19F2C /* LRUCache.swift */ = {isa = PBXFileReference; lastKnownFileType = sourcecode.swift; path = LRUCache.swift; sourceTree = "<group>"; };
/* End PBXFileReference section */

/* Begin PBXFrameworksBuildPhase section */
		094674D62502B93F00D19F2C /* Frameworks */ = {
			isa = PBXFrameworksBuildPhase;
			buildActionMask = 2147483647;
			files = (
			);
			runOnlyForDeploymentPostprocessing = 0;
		};
		094674EC2502B94100D19F2C /* Frameworks */ = {
			isa = PBXFrameworksBuildPhase;
			buildActionMask = 2147483647;
			files = (
			);
			runOnlyForDeploymentPostprocessing = 0;
		};
/* End PBXFrameworksBuildPhase section */

/* Begin PBXGroup section */
		094674D02502B93F00D19F2C = {
			isa = PBXGroup;
			children = (
				094674DB2502B94000D19F2C /* LRUCache */,
				094674F22502B94100D19F2C /* LRUCacheTests */,
				094674DA2502B94000D19F2C /* Products */,
			);
			sourceTree = "<group>";
		};
		094674DA2502B94000D19F2C /* Products */ = {
			isa = PBXGroup;
			children = (
				094674D92502B94000D19F2C /* LRUCache.app */,
				094674EF2502B94100D19F2C /* LRUCacheTests.xctest */,
			);
			name = Products;
			sourceTree = "<group>";
		};
		094674DB2502B94000D19F2C /* LRUCache */ = {
			isa = PBXGroup;
			children = (
				094674DC2502B94000D19F2C /* AppDelegate.swift */,
				094674DE2502B94000D19F2C /* SceneDelegate.swift */,
				094674E02502B94000D19F2C /* ViewController.swift */,
				094674E22502B94000D19F2C /* Main.storyboard */,
				094674E52502B94000D19F2C /* Assets.xcassets */,
				094674E72502B94000D19F2C /* LaunchScreen.storyboard */,
				094674EA2502B94000D19F2C /* Info.plist */,
				094674FE2502B96200D19F2C /* LRUCache.swift */,
			);
			path = LRUCache;
			sourceTree = "<group>";
		};
		094674F22502B94100D19F2C /* LRUCacheTests */ = {
			isa = PBXGroup;
			children = (
				094674F32502B94100D19F2C /* LRUCacheTests.swift */,
				094674F52502B94100D19F2C /* Info.plist */,
			);
			path = LRUCacheTests;
			sourceTree = "<group>";
		};
/* End PBXGroup section */

/* Begin PBXNativeTarget section */
		094674D82502B93F00D19F2C /* LRUCache */ = {
			isa = PBXNativeTarget;
			buildConfigurationList = 094674F82502B94100D19F2C /* Build configuration list for PBXNativeTarget "LRUCache" */;
			buildPhases = (
				094674D52502B93F00D19F2C /* Sources */,
				094674D62502B93F00D19F2C /* Frameworks */,
				094674D72502B93F00D19F2C /* Resources */,
			);
			buildRules = (
			);
			dependencies = (
			);
			name = LRUCache;
			productName = LRUCache;
			productReference = 094674D92502B94000D19F2C /* LRUCache.app */;
			productType = "com.apple.product-type.application";
		};
		094674EE2502B94100D19F2C /* LRUCacheTests */ = {
			isa = PBXNativeTarget;
			buildConfigurationList = 094674FB2502B94100D19F2C /* Build configuration list for PBXNativeTarget "LRUCacheTests" */;
			buildPhases = (
				094674EB2502B94100D19F2C /* Sources */,
				094674EC2502B94100D19F2C /* Frameworks */,
				094674ED2502B94100D19F2C /* Resources */,
			);
			buildRules = (
			);
			dependencies = (
				094674F12502B94100D19F2C /* PBXTargetDependency */,
			);
			name = LRUCacheTests;
			productName = LRUCacheTests;
			productReference = 094674EF2502B94100D19F2C /* LRUCacheTests.xctest */;
			productType = "com.apple.product-type.bundle.unit-test";
		};
/* End PBXNativeTarget section */

/* Begin PBXProject section */
		094674D12502B93F00D19F2C /* Project object */ = {
			isa = PBXProject;
			attributes = {
				LastSwiftUpdateCheck = 1160;
				LastUpgradeCheck = 1160;
				ORGANIZATIONNAME = "Saurabh Gupta";
				TargetAttributes = {
					094674D82502B93F00D19F2C = {
						CreatedOnToolsVersion = 11.6;
					};
					094674EE2502B94100D19F2C = {
						CreatedOnToolsVersion = 11.6;
						TestTargetID = 094674D82502B93F00D19F2C;
					};
				};
			};
			buildConfigurationList = 094674D42502B93F00D19F2C /* Build configuration list for PBXProject "LRUCache" */;
			compatibilityVersion = "Xcode 9.3";
			developmentRegion = en;
			hasScannedForEncodings = 0;
			knownRegions = (
				en,
				Base,
			);
			mainGroup = 094674D02502B93F00D19F2C;
			productRefGroup = 094674DA2502B94000D19F2C /* Products */;
			projectDirPath = "";
			projectRoot = "";
			targets = (
				094674D82502B93F00D19F2C /* LRUCache */,
				094674EE2502B94100D19F2C /* LRUCacheTests */,
			);
		};
/* End PBXProject section */

/* Begin PBXResourcesBuildPhase section */
		094674D72502B93F00D19F2C /* Resources */ = {
			isa = PBXResourcesBuildPhase;
			buildActionMask = 2147483647;
			files = (
				094674E92502B94000D19F2C /* LaunchScreen.storyboard in Resources */,
				094674E62502B94000D19F2C /* Assets.xcassets in Resources */,
				094674E42502B94000D19F2C /* Main.storyboard in Resources */,
			);
			runOnlyForDeploymentPostprocessing = 0;
		};
		094674ED2502B94100D19F2C /* Resources */ = {
			isa = PBXResourcesBuildPhase;
			buildActionMask = 2147483647;
			files = (
			);
			runOnlyForDeploymentPostprocessing = 0;
		};
/* End PBXResourcesBuildPhase section */

/* Begin PBXSourcesBuildPhase section */
		094674D52502B93F00D19F2C /* Sources */ = {
			isa = PBXSourcesBuildPhase;
			buildActionMask = 2147483647;
			files = (
				094674FF2502B96200D19F2C /* LRUCache.swift in Sources */,
				094674E12502B94000D19F2C /* ViewController.swift in Sources */,
				094674DD2502B94000D19F2C /* AppDelegate.swift in Sources */,
				094674DF2502B94000D19F2C /* SceneDelegate.swift in Sources */,
			);
			runOnlyForDeploymentPostprocessing = 0;
		};
		094674EB2502B94100D19F2C /* Sources */ = {
			isa = PBXSourcesBuildPhase;
			buildActionMask = 2147483647;
			files = (
				094675002502C3FF00D19F2C /* LRUCache.swift in Sources */,
				094674F42502B94100D19F2C /* LRUCacheTests.swift in Sources */,
			);
			runOnlyForDeploymentPostprocessing = 0;
		};
/* End PBXSourcesBuildPhase section */

/* Begin PBXTargetDependency section */
		094674F12502B94100D19F2C /* PBXTargetDependency */ = {
			isa = PBXTargetDependency;
			target = 094674D82502B93F00D19F2C /* LRUCache */;
			targetProxy = 094674F02502B94100D19F2C /* PBXContainerItemProxy */;
		};
/* End PBXTargetDependency section */

/* Begin PBXVariantGroup section */
		094674E22502B94000D19F2C /* Main.storyboard */ = {
			isa = PBXVariantGroup;
			children = (
				094674E32502B94000D19F2C /* Base */,
			);
			name = Main.storyboard;
			sourceTree = "<group>";
		};
		094674E72502B94000D19F2C /* LaunchScreen.storyboard */ = {
			isa = PBXVariantGroup;
			children = (
				094674E82502B94000D19F2C /* Base */,
			);
			name = LaunchScreen.storyboard;
			sourceTree = "<group>";
		};
/* End PBXVariantGroup section */

/* Begin XCBuildConfiguration section */
		094674F62502B94100D19F2C /* Debug */ = {
			isa = XCBuildConfiguration;
			buildSettings = {
				ALWAYS_SEARCH_USER_PATHS = NO;
				CLANG_ANALYZER_NONNULL = YES;
				CLANG_ANALYZER_NUMBER_OBJECT_CONVERSION = YES_AGGRESSIVE;
				CLANG_CXX_LANGUAGE_STANDARD = "gnu++14";
				CLANG_CXX_LIBRARY = "libc++";
				CLANG_ENABLE_MODULES = YES;
				CLANG_ENABLE_OBJC_ARC = YES;
				CLANG_ENABLE_OBJC_WEAK = YES;
				CLANG_WARN_BLOCK_CAPTURE_AUTORELEASING = YES;
				CLANG_WARN_BOOL_CONVERSION = YES;
				CLANG_WARN_COMMA = YES;
				CLANG_WARN_CONSTANT_CONVERSION = YES;
				CLANG_WARN_DEPRECATED_OBJC_IMPLEMENTATIONS = YES;
				CLANG_WARN_DIRECT_OBJC_ISA_USAGE = YES_ERROR;
				CLANG_WARN_DOCUMENTATION_COMMENTS = YES;
				CLANG_WARN_EMPTY_BODY = YES;
				CLANG_WARN_ENUM_CONVERSION = YES;
				CLANG_WARN_INFINITE_RECURSION = YES;
				CLANG_WARN_INT_CONVERSION = YES;
				CLANG_WARN_NON_LITERAL_NULL_CONVERSION = YES;
				CLANG_WARN_OBJC_IMPLICIT_RETAIN_SELF = YES;
				CLANG_WARN_OBJC_LITERAL_CONVERSION = YES;
				CLANG_WARN_OBJC_ROOT_CLASS = YES_ERROR;
				CLANG_WARN_RANGE_LOOP_ANALYSIS = YES;
				CLANG_WARN_STRICT_PROTOTYPES = YES;
				CLANG_WARN_SUSPICIOUS_MOVE = YES;
				CLANG_WARN_UNGUARDED_AVAILABILITY = YES_AGGRESSIVE;
				CLANG_WARN_UNREACHABLE_CODE = YES;
				CLANG_WARN__DUPLICATE_METHOD_MATCH = YES;
				COPY_PHASE_STRIP = NO;
				DEBUG_INFORMATION_FORMAT = dwarf;
				ENABLE_STRICT_OBJC_MSGSEND = YES;
				ENABLE_TESTABILITY = YES;
				GCC_C_LANGUAGE_STANDARD = gnu11;
				GCC_DYNAMIC_NO_PIC = NO;
				GCC_NO_COMMON_BLOCKS = YES;
				GCC_OPTIMIZATION_LEVEL = 0;
				GCC_PREPROCESSOR_DEFINITIONS = (
					"DEBUG=1",
					"$(inherited)",
				);
				GCC_WARN_64_TO_32_BIT_CONVERSION = YES;
				GCC_WARN_ABOUT_RETURN_TYPE = YES_ERROR;
				GCC_WARN_UNDECLARED_SELECTOR = YES;
				GCC_WARN_UNINITIALIZED_AUTOS = YES_AGGRESSIVE;
				GCC_WARN_UNUSED_FUNCTION = YES;
				GCC_WARN_UNUSED_VARIABLE = YES;
				IPHONEOS_DEPLOYMENT_TARGET = 13.6;
				MTL_ENABLE_DEBUG_INFO = INCLUDE_SOURCE;
				MTL_FAST_MATH = YES;
				ONLY_ACTIVE_ARCH = YES;
				SDKROOT = iphoneos;
				SWIFT_ACTIVE_COMPILATION_CONDITIONS = DEBUG;
				SWIFT_OPTIMIZATION_LEVEL = "-Onone";
			};
			name = Debug;
		};
		094674F72502B94100D19F2C /* Release */ = {
			isa = XCBuildConfiguration;
			buildSettings = {
				ALWAYS_SEARCH_USER_PATHS = NO;
				CLANG_ANALYZER_NONNULL = YES;
				CLANG_ANALYZER_NUMBER_OBJECT_CONVERSION = YES_AGGRESSIVE;
				CLANG_CXX_LANGUAGE_STANDARD = "gnu++14";
				CLANG_CXX_LIBRARY = "libc++";
				CLANG_ENABLE_MODULES = YES;
				CLANG_ENABLE_OBJC_ARC = YES;
				CLANG_ENABLE_OBJC_WEAK = YES;
				CLANG_WARN_BLOCK_CAPTURE_AUTORELEASING = YES;
				CLANG_WARN_BOOL_CONVERSION = YES;
				CLANG_WARN_COMMA = YES;
				CLANG_WARN_CONSTANT_CONVERSION = YES;
				CLANG_WARN_DEPRECATED_OBJC_IMPLEMENTATIONS = YES;
				CLANG_WARN_DIRECT_OBJC_ISA_USAGE = YES_ERROR;
				CLANG_WARN_DOCUMENTATION_COMMENTS = YES;
				CLANG_WARN_EMPTY_BODY = YES;
				CLANG_WARN_ENUM_CONVERSION = YES;
				CLANG_WARN_INFINITE_RECURSION = YES;
				CLANG_WARN_INT_CONVERSION = YES;
				CLANG_WARN_NON_LITERAL_NULL_CONVERSION = YES;
				CLANG_WARN_OBJC_IMPLICIT_RETAIN_SELF = YES;
				CLANG_WARN_OBJC_LITERAL_CONVERSION = YES;
				CLANG_WARN_OBJC_ROOT_CLASS = YES_ERROR;
				CLANG_WARN_RANGE_LOOP_ANALYSIS = YES;
				CLANG_WARN_STRICT_PROTOTYPES = YES;
				CLANG_WARN_SUSPICIOUS_MOVE = YES;
				CLANG_WARN_UNGUARDED_AVAILABILITY = YES_AGGRESSIVE;
				CLANG_WARN_UNREACHABLE_CODE = YES;
				CLANG_WARN__DUPLICATE_METHOD_MATCH = YES;
				COPY_PHASE_STRIP = NO;
				DEBUG_INFORMATION_FORMAT = "dwarf-with-dsym";
				ENABLE_NS_ASSERTIONS = NO;
				ENABLE_STRICT_OBJC_MSGSEND = YES;
				GCC_C_LANGUAGE_STANDARD = gnu11;
				GCC_NO_COMMON_BLOCKS = YES;
				GCC_WARN_64_TO_32_BIT_CONVERSION = YES;
				GCC_WARN_ABOUT_RETURN_TYPE = YES_ERROR;
				GCC_WARN_UNDECLARED_SELECTOR = YES;
				GCC_WARN_UNINITIALIZED_AUTOS = YES_AGGRESSIVE;
				GCC_WARN_UNUSED_FUNCTION = YES;
				GCC_WARN_UNUSED_VARIABLE = YES;
				IPHONEOS_DEPLOYMENT_TARGET = 13.6;
				MTL_ENABLE_DEBUG_INFO = NO;
				MTL_FAST_MATH = YES;
				SDKROOT = iphoneos;
				SWIFT_COMPILATION_MODE = wholemodule;
				SWIFT_OPTIMIZATION_LEVEL = "-O";
				VALIDATE_PRODUCT = YES;
			};
			name = Release;
		};
		094674F92502B94100D19F2C /* Debug */ = {
			isa = XCBuildConfiguration;
			buildSettings = {
				ASSETCATALOG_COMPILER_APPICON_NAME = AppIcon;
				CODE_SIGN_STYLE = Automatic;
				DEVELOPMENT_TEAM = Y78N79J6Y9;
				INFOPLIST_FILE = LRUCache/Info.plist;
				LD_RUNPATH_SEARCH_PATHS = (
					"$(inherited)",
					"@executable_path/Frameworks",
				);
				PRODUCT_BUNDLE_IDENTIFIER = me.gupta.saurabh.LRUCache;
				PRODUCT_NAME = "$(TARGET_NAME)";
				SWIFT_VERSION = 5.0;
				TARGETED_DEVICE_FAMILY = "1,2";
			};
			name = Debug;
		};
		094674FA2502B94100D19F2C /* Release */ = {
			isa = XCBuildConfiguration;
			buildSettings = {
				ASSETCATALOG_COMPILER_APPICON_NAME = AppIcon;
				CODE_SIGN_STYLE = Automatic;
				DEVELOPMENT_TEAM = Y78N79J6Y9;
				INFOPLIST_FILE = LRUCache/Info.plist;
				LD_RUNPATH_SEARCH_PATHS = (
					"$(inherited)",
					"@executable_path/Frameworks",
				);
				PRODUCT_BUNDLE_IDENTIFIER = me.gupta.saurabh.LRUCache;
				PRODUCT_NAME = "$(TARGET_NAME)";
				SWIFT_VERSION = 5.0;
				TARGETED_DEVICE_FAMILY = "1,2";
			};
			name = Release;
		};
		094674FC2502B94100D19F2C /* Debug */ = {
			isa = XCBuildConfiguration;
			buildSettings = {
				ALWAYS_EMBED_SWIFT_STANDARD_LIBRARIES = YES;
				BUNDLE_LOADER = "$(TEST_HOST)";
				CODE_SIGN_STYLE = Automatic;
				DEVELOPMENT_TEAM = Y78N79J6Y9;
				INFOPLIST_FILE = LRUCacheTests/Info.plist;
				IPHONEOS_DEPLOYMENT_TARGET = 13.6;
				LD_RUNPATH_SEARCH_PATHS = (
					"$(inherited)",
					"@executable_path/Frameworks",
					"@loader_path/Frameworks",
				);
				PRODUCT_BUNDLE_IDENTIFIER = me.gupta.saurabh.LRUCacheTests;
				PRODUCT_NAME = "$(TARGET_NAME)";
				SWIFT_VERSION = 5.0;
				TARGETED_DEVICE_FAMILY = "1,2";
				TEST_HOST = "$(BUILT_PRODUCTS_DIR)/LRUCache.app/LRUCache";
			};
			name = Debug;
		};
		094674FD2502B94100D19F2C /* Release */ = {
			isa = XCBuildConfiguration;
			buildSettings = {
				ALWAYS_EMBED_SWIFT_STANDARD_LIBRARIES = YES;
				BUNDLE_LOADER = "$(TEST_HOST)";
				CODE_SIGN_STYLE = Automatic;
				DEVELOPMENT_TEAM = Y78N79J6Y9;
				INFOPLIST_FILE = LRUCacheTests/Info.plist;
				IPHONEOS_DEPLOYMENT_TARGET = 13.6;
				LD_RUNPATH_SEARCH_PATHS = (
					"$(inherited)",
					"@executable_path/Frameworks",
					"@loader_path/Frameworks",
				);
				PRODUCT_BUNDLE_IDENTIFIER = me.gupta.saurabh.LRUCacheTests;
				PRODUCT_NAME = "$(TARGET_NAME)";
				SWIFT_VERSION = 5.0;
				TARGETED_DEVICE_FAMILY = "1,2";
				TEST_HOST = "$(BUILT_PRODUCTS_DIR)/LRUCache.app/LRUCache";
			};
			name = Release;
		};
/* End XCBuildConfiguration section */

/* Begin XCConfigurationList section */
		094674D42502B93F00D19F2C /* Build configuration list for PBXProject "LRUCache" */ = {
			isa = XCConfigurationList;
			buildConfigurations = (
				094674F62502B94100D19F2C /* Debug */,
				094674F72502B94100D19F2C /* Release */,
			);
			defaultConfigurationIsVisible = 0;
			defaultConfigurationName = Release;
		};
		094674F82502B94100D19F2C /* Build configuration list for PBXNativeTarget "LRUCache" */ = {
			isa = XCConfigurationList;
			buildConfigurations = (
				094674F92502B94100D19F2C /* Debug */,
				094674FA2502B94100D19F2C /* Release */,
			);
			defaultConfigurationIsVisible = 0;
			defaultConfigurationName = Release;
		};
		094674FB2502B94100D19F2C /* Build configuration list for PBXNativeTarget "LRUCacheTests" */ = {
			isa = XCConfigurationList;
			buildConfigurations = (
				094674FC2502B94100D19F2C /* Debug */,
				094674FD2502B94100D19F2C /* Release */,
			);
			defaultConfigurationIsVisible = 0;
			defaultConfigurationName = Release;
		};
/* End XCConfigurationList section */
	};
	rootObject = 094674D12502B93F00D19F2C /* Project object */;
}
